
Microsoft Visual Studio Solution File, Format Version 12.00
# Visual Studio Version 17
VisualStudioVersion = 17.0.31903.59
MinimumVisualStudioVersion = 10.0.40219.1
Project("{2150E333-8FDC-42A3-9474-1A3956D46DE8}") = "src", "src", "{607B692B-0661-4F55-AC29-DB205E14C594}"
EndProject
Project("{FAE04EC0-301F-11D3-BF4B-00C04F79EFBC}") = "Tarefas.Web", "src\Tarefas.Web\Tarefas.Web.csproj", "{1EF2E3AD-AB47-453A-98C5-1F42A121F16C}"
EndProject
Global
	GlobalSection(SolutionConfigurationPlatforms) = preSolution
		Debug|Any CPU = Debug|Any CPU
		Release|Any CPU = Release|Any CPU
	EndGlobalSection
	GlobalSection(SolutionProperties) = preSolution
		HideSolutionNode = FALSE
	EndGlobalSection
	GlobalSection(ProjectConfigurationPlatforms) = postSolution
		{1EF2E3AD-AB47-453A-98C5-1F42A121F16C}.Debug|Any CPU.ActiveCfg = Debug|Any CPU
		{1EF2E3AD-AB47-453A-98C5-1F42A121F16C}.Debug|Any CPU.Build.0 = Debug|Any CPU
		{1EF2E3AD-AB47-453A-98C5-1F42A121F16C}.Release|Any CPU.ActiveCfg = Release|Any CPU
		{1EF2E3AD-AB47-453A-98C5-1F42A121F16C}.Release|Any CPU.Build.0 = Release|Any CPU
	EndGlobalSection
	GlobalSection(NestedProjects) = preSolution
		{1EF2E3AD-AB47-453A-98C5-1F42A121F16C} = {607B692B-0661-4F55-AC29-DB205E14C594}
	EndGlobalSection
EndGlobal
